
Microsoft Visual Studio Solution File, Format Version 12.00
# Visual Studio Version 16
VisualStudioVersion = 16.0.33927.289
MinimumVisualStudioVersion = 10.0.40219.1
Project("{FAE04EC0-301F-11D3-BF4B-00C04F79EFBC}") = "SKTRFID1", "SKTRFID1\SKTRFID1.csproj", "{943FB460-6FF6-4A8E-BB19-8FD93FA169B4}"
EndProject
Project("{FAE04EC0-301F-11D3-BF4B-00C04F79EFBC}") = "WindowsFormsApp1", "WindowsFormsApp1\WindowsFormsApp1.csproj", "{33FB000E-222B-41C4-929B-7BE87955A2F9}"
EndProject
Project("{FAE04EC0-301F-11D3-BF4B-00C04F79EFBC}") = "SKTRFIDEXPORT", "SKTRFIDEXPORT\SKTRFIDEXPORT.csproj", "{DD2A4AFC-2207-4DE7-B426-FF3949CC5AEE}"
EndProject
Project("{FAE04EC0-301F-11D3-BF4B-00C04F79EFBC}") = "SKTRFIDSETTING", "SKTRFIDSETTING\SKTRFIDSETTING.csproj", "{61B57AA7-CEDE-41FE-82D2-6D51B3FCE036}"
EndProject
Project("{FAE04EC0-301F-11D3-BF4B-00C04F79EFBC}") = "SKTRFIDCCS1", "SKTRFIDCCS\SKTRFIDCCS1.csproj", "{D8AC64DF-44E3-4147-BE6B-26FE81FCF4B6}"
EndProject
Project("{FAE04EC0-301F-11D3-BF4B-00C04F79EFBC}") = "SKTRFIDEDIT", "SKTRFIDEDIT\SKTRFIDEDIT.csproj", "{3857E7E7-C359-435B-861A-BBBEBC49F1C4}"
EndProject
Project("{FAE04EC0-301F-11D3-BF4B-00C04F79EFBC}") = "SKTRFIDSHIFT", "SKTRFIDShift\SKTRFIDSHIFT.csproj", "{B7B7A556-9D90-469A-BFDF-A07BDA966ED8}"
EndProject
Project("{FAE04EC0-301F-11D3-BF4B-00C04F79EFBC}") = "SKTRFIDCENTER", "SKTRFIDCENTER\SKTRFIDCENTER.csproj", "{C553ECD8-75CE-483B-B6CF-2ECB439E5FDF}"
EndProject
Project("{FAE04EC0-301F-11D3-BF4B-00C04F79EFBC}") = "SKTRFIDCCS2", "SKTRFIDCSS2\SKTRFIDCCS2.csproj", "{8DAF0C19-E69D-4DCA-B43C-FB930F05ED1F}"
EndProject
Project("{FAE04EC0-301F-11D3-BF4B-00C04F79EFBC}") = "SKTRFID2", "SKTRFID2\SKTRFID2.csproj", "{30501429-2343-499D-BBDE-B92061E4D295}"
EndProject
Global
	GlobalSection(SolutionConfigurationPlatforms) = preSolution
		Debug|Any CPU = Debug|Any CPU
		Release|Any CPU = Release|Any CPU
	EndGlobalSection
	GlobalSection(ProjectConfigurationPlatforms) = postSolution
		{943FB460-6FF6-4A8E-BB19-8FD93FA169B4}.Debug|Any CPU.ActiveCfg = Debug|Any CPU
		{943FB460-6FF6-4A8E-BB19-8FD93FA169B4}.Debug|Any CPU.Build.0 = Debug|Any CPU
		{943FB460-6FF6-4A8E-BB19-8FD93FA169B4}.Release|Any CPU.ActiveCfg = Release|Any CPU
		{943FB460-6FF6-4A8E-BB19-8FD93FA169B4}.Release|Any CPU.Build.0 = Release|Any CPU
		{33FB000E-222B-41C4-929B-7BE87955A2F9}.Debug|Any CPU.ActiveCfg = Debug|Any CPU
		{33FB000E-222B-41C4-929B-7BE87955A2F9}.Debug|Any CPU.Build.0 = Debug|Any CPU
		{33FB000E-222B-41C4-929B-7BE87955A2F9}.Release|Any CPU.ActiveCfg = Release|Any CPU
		{33FB000E-222B-41C4-929B-7BE87955A2F9}.Release|Any CPU.Build.0 = Release|Any CPU
		{DD2A4AFC-2207-4DE7-B426-FF3949CC5AEE}.Debug|Any CPU.ActiveCfg = Debug|Any CPU
		{DD2A4AFC-2207-4DE7-B426-FF3949CC5AEE}.Debug|Any CPU.Build.0 = Debug|Any CPU
		{DD2A4AFC-2207-4DE7-B426-FF3949CC5AEE}.Release|Any CPU.ActiveCfg = Release|Any CPU
		{DD2A4AFC-2207-4DE7-B426-FF3949CC5AEE}.Release|Any CPU.Build.0 = Release|Any CPU
		{61B57AA7-CEDE-41FE-82D2-6D51B3FCE036}.Debug|Any CPU.ActiveCfg = Debug|Any CPU
		{61B57AA7-CEDE-41FE-82D2-6D51B3FCE036}.Debug|Any CPU.Build.0 = Debug|Any CPU
		{61B57AA7-CEDE-41FE-82D2-6D51B3FCE036}.Release|Any CPU.ActiveCfg = Release|Any CPU
		{61B57AA7-CEDE-41FE-82D2-6D51B3FCE036}.Release|Any CPU.Build.0 = Release|Any CPU
		{D8AC64DF-44E3-4147-BE6B-26FE81FCF4B6}.Debug|Any CPU.ActiveCfg = Debug|Any CPU
		{D8AC64DF-44E3-4147-BE6B-26FE81FCF4B6}.Debug|Any CPU.Build.0 = Debug|Any CPU
		{D8AC64DF-44E3-4147-BE6B-26FE81FCF4B6}.Release|Any CPU.ActiveCfg = Release|Any CPU
		{D8AC64DF-44E3-4147-BE6B-26FE81FCF4B6}.Release|Any CPU.Build.0 = Release|Any CPU
		{3857E7E7-C359-435B-861A-BBBEBC49F1C4}.Debug|Any CPU.ActiveCfg = Debug|Any CPU
		{3857E7E7-C359-435B-861A-BBBEBC49F1C4}.Debug|Any CPU.Build.0 = Debug|Any CPU
		{3857E7E7-C359-435B-861A-BBBEBC49F1C4}.Release|Any CPU.ActiveCfg = Release|Any CPU
		{3857E7E7-C359-435B-861A-BBBEBC49F1C4}.Release|Any CPU.Build.0 = Release|Any CPU
		{B7B7A556-9D90-469A-BFDF-A07BDA966ED8}.Debug|Any CPU.ActiveCfg = Debug|Any CPU
		{B7B7A556-9D90-469A-BFDF-A07BDA966ED8}.Debug|Any CPU.Build.0 = Debug|Any CPU
		{B7B7A556-9D90-469A-BFDF-A07BDA966ED8}.Release|Any CPU.ActiveCfg = Release|Any CPU
		{B7B7A556-9D90-469A-BFDF-A07BDA966ED8}.Release|Any CPU.Build.0 = Release|Any CPU
		{C553ECD8-75CE-483B-B6CF-2ECB439E5FDF}.Debug|Any CPU.ActiveCfg = Debug|Any CPU
		{C553ECD8-75CE-483B-B6CF-2ECB439E5FDF}.Debug|Any CPU.Build.0 = Debug|Any CPU
		{C553ECD8-75CE-483B-B6CF-2ECB439E5FDF}.Release|Any CPU.ActiveCfg = Release|Any CPU
		{C553ECD8-75CE-483B-B6CF-2ECB439E5FDF}.Release|Any CPU.Build.0 = Release|Any CPU
		{8DAF0C19-E69D-4DCA-B43C-FB930F05ED1F}.Debug|Any CPU.ActiveCfg = Debug|Any CPU
		{8DAF0C19-E69D-4DCA-B43C-FB930F05ED1F}.Debug|Any CPU.Build.0 = Debug|Any CPU
		{8DAF0C19-E69D-4DCA-B43C-FB930F05ED1F}.Release|Any CPU.ActiveCfg = Release|Any CPU
		{8DAF0C19-E69D-4DCA-B43C-FB930F05ED1F}.Release|Any CPU.Build.0 = Release|Any CPU
		{30501429-2343-499D-BBDE-B92061E4D295}.Debug|Any CPU.ActiveCfg = Debug|Any CPU
		{30501429-2343-499D-BBDE-B92061E4D295}.Debug|Any CPU.Build.0 = Debug|Any CPU
		{30501429-2343-499D-BBDE-B92061E4D295}.Release|Any CPU.ActiveCfg = Release|Any CPU
		{30501429-2343-499D-BBDE-B92061E4D295}.Release|Any CPU.Build.0 = Release|Any CPU
	EndGlobalSection
	GlobalSection(SolutionProperties) = preSolution
		HideSolutionNode = FALSE
	EndGlobalSection
	GlobalSection(ExtensibilityGlobals) = postSolution
		SolutionGuid = {56BCFA8A-89D8-4164-B9DA-FD07746F8D86}
	EndGlobalSection
EndGlobal
